
Microsoft Visual Studio Solution File, Format Version 12.00
# Visual Studio Version 16
VisualStudioVersion = 16.0.29411.108
MinimumVisualStudioVersion = 10.0.40219.1
Project("{FAE04EC0-301F-11D3-BF4B-00C04F79EFBC}") = "TransfermarktDataGenerator", "TransfermarktDataGenerator.csproj", "{3675120B-F2F4-4091-8E9D-BFC875A4EF34}"
EndProject
Global
	GlobalSection(SolutionConfigurationPlatforms) = preSolution
		Debug|Any CPU = Debug|Any CPU
		Release|Any CPU = Release|Any CPU
	EndGlobalSection
	GlobalSection(ProjectConfigurationPlatforms) = postSolution
		{3675120B-F2F4-4091-8E9D-BFC875A4EF34}.Debug|Any CPU.ActiveCfg = Debug|Any CPU
		{3675120B-F2F4-4091-8E9D-BFC875A4EF34}.Debug|Any CPU.Build.0 = Debug|Any CPU
		{3675120B-F2F4-4091-8E9D-BFC875A4EF34}.Release|Any CPU.ActiveCfg = Release|Any CPU
		{3675120B-F2F4-4091-8E9D-BFC875A4EF34}.Release|Any CPU.Build.0 = Release|Any CPU
	EndGlobalSection
	GlobalSection(SolutionProperties) = preSolution
		HideSolutionNode = FALSE
	EndGlobalSection
	GlobalSection(ExtensibilityGlobals) = postSolution
		SolutionGuid = {772918C8-AFD1-4A65-9300-AA841C20827E}
	EndGlobalSection
EndGlobal
